
Microsoft Visual Studio Solution File, Format Version 12.00
# Visual Studio 15
VisualStudioVersion = 15.0.28307.852
MinimumVisualStudioVersion = 10.0.40219.1
Project("{FAE04EC0-301F-11D3-BF4B-00C04F79EFBC}") = "ConsoleApp4", "ConsoleApp4\ConsoleApp4.csproj", "{04E26CBA-BE47-4E54-A5E4-16A5F6F06E8C}"
EndProject
Global
	GlobalSection(SolutionConfigurationPlatforms) = preSolution
		Debug|Any CPU = Debug|Any CPU
		Release|Any CPU = Release|Any CPU
	EndGlobalSection
	GlobalSection(ProjectConfigurationPlatforms) = postSolution
		{04E26CBA-BE47-4E54-A5E4-16A5F6F06E8C}.Debug|Any CPU.ActiveCfg = Debug|Any CPU
		{04E26CBA-BE47-4E54-A5E4-16A5F6F06E8C}.Debug|Any CPU.Build.0 = Debug|Any CPU
		{04E26CBA-BE47-4E54-A5E4-16A5F6F06E8C}.Release|Any CPU.ActiveCfg = Release|Any CPU
		{04E26CBA-BE47-4E54-A5E4-16A5F6F06E8C}.Release|Any CPU.Build.0 = Release|Any CPU
	EndGlobalSection
	GlobalSection(SolutionProperties) = preSolution
		HideSolutionNode = FALSE
	EndGlobalSection
	GlobalSection(ExtensibilityGlobals) = postSolution
		SolutionGuid = {087EE431-035E-45B0-B4BA-9D42882C5C4F}
	EndGlobalSection
EndGlobal
